
Microsoft Visual Studio Solution File, Format Version 12.00
# Visual Studio Version 16
VisualStudioVersion = 16.0.31911.196
MinimumVisualStudioVersion = 10.0.40219.1
Project("{FAE04EC0-301F-11D3-BF4B-00C04F79EFBC}") = "MacroTrackerMVC", "MacroTrackerMVC\MacroTrackerMVC.csproj", "{CCC8D69A-476D-4D4F-A17E-C6738C67C532}"
EndProject
Project("{FAE04EC0-301F-11D3-BF4B-00C04F79EFBC}") = "MacroTracker.Data", "MacroTracker.Data\MacroTracker.Data.csproj", "{2AFBC642-B2C2-47EE-94F0-F3A5B6BE2721}"
EndProject
Project("{FAE04EC0-301F-11D3-BF4B-00C04F79EFBC}") = "MacroTracker.Models", "MacroTracker.Models\MacroTracker.Models.csproj", "{059479E1-F244-4A65-907B-C961DE52D346}"
EndProject
Project("{FAE04EC0-301F-11D3-BF4B-00C04F79EFBC}") = "MacroTracker.Services", "MacroTracker.Services\MacroTracker.Services.csproj", "{AD3F0AE7-B38B-4D58-8800-DDBBEE66AEE1}"
EndProject
Global
	GlobalSection(SolutionConfigurationPlatforms) = preSolution
		Debug|Any CPU = Debug|Any CPU
		Release|Any CPU = Release|Any CPU
	EndGlobalSection
	GlobalSection(ProjectConfigurationPlatforms) = postSolution
		{CCC8D69A-476D-4D4F-A17E-C6738C67C532}.Debug|Any CPU.ActiveCfg = Debug|Any CPU
		{CCC8D69A-476D-4D4F-A17E-C6738C67C532}.Debug|Any CPU.Build.0 = Debug|Any CPU
		{CCC8D69A-476D-4D4F-A17E-C6738C67C532}.Release|Any CPU.ActiveCfg = Release|Any CPU
		{CCC8D69A-476D-4D4F-A17E-C6738C67C532}.Release|Any CPU.Build.0 = Release|Any CPU
		{2AFBC642-B2C2-47EE-94F0-F3A5B6BE2721}.Debug|Any CPU.ActiveCfg = Debug|Any CPU
		{2AFBC642-B2C2-47EE-94F0-F3A5B6BE2721}.Debug|Any CPU.Build.0 = Debug|Any CPU
		{2AFBC642-B2C2-47EE-94F0-F3A5B6BE2721}.Release|Any CPU.ActiveCfg = Release|Any CPU
		{2AFBC642-B2C2-47EE-94F0-F3A5B6BE2721}.Release|Any CPU.Build.0 = Release|Any CPU
		{059479E1-F244-4A65-907B-C961DE52D346}.Debug|Any CPU.ActiveCfg = Debug|Any CPU
		{059479E1-F244-4A65-907B-C961DE52D346}.Debug|Any CPU.Build.0 = Debug|Any CPU
		{059479E1-F244-4A65-907B-C961DE52D346}.Release|Any CPU.ActiveCfg = Release|Any CPU
		{059479E1-F244-4A65-907B-C961DE52D346}.Release|Any CPU.Build.0 = Release|Any CPU
		{AD3F0AE7-B38B-4D58-8800-DDBBEE66AEE1}.Debug|Any CPU.ActiveCfg = Debug|Any CPU
		{AD3F0AE7-B38B-4D58-8800-DDBBEE66AEE1}.Debug|Any CPU.Build.0 = Debug|Any CPU
		{AD3F0AE7-B38B-4D58-8800-DDBBEE66AEE1}.Release|Any CPU.ActiveCfg = Release|Any CPU
		{AD3F0AE7-B38B-4D58-8800-DDBBEE66AEE1}.Release|Any CPU.Build.0 = Release|Any CPU
	EndGlobalSection
	GlobalSection(SolutionProperties) = preSolution
		HideSolutionNode = FALSE
	EndGlobalSection
	GlobalSection(ExtensibilityGlobals) = postSolution
		SolutionGuid = {6BCAA442-2DAC-4AA5-8D04-B0DB9D41F97C}
	EndGlobalSection
EndGlobal
